{
  "name": "myapp",
  "version": "1.0.0",
  "lockfileVersion": 2,
  "requires": true,
  "packages": {
    "": {
      "name": "myapp",
      "version": "1.0.0",
      "license": "ISC",
      "dependencies": {
        "@mateus.pegoraro/fluentsql": ">1.0.0 <2.0.0"
      }
    },
    "node_modules/@mateus.pegoraro/fluentsql": {
      "version": "1.1.0",
      "resolved": "https://registry.npmjs.org/@mateus.pegoraro/fluentsql/-/fluentsql-1.1.0.tgz",
      "integrity": "sha512-s4prYhYULHGLjBb7rt187BrGGV6SDCVGM+PQQ1MbK1FWOOC93Ve+KO2L4MpJgCsa+F7s9ow75+6yp8hmZvp0+g=="
    }
  },
  "dependencies": {
    "@mateus.pegoraro/fluentsql": {
      "version": "1.1.0",
      "resolved": "https://registry.npmjs.org/@mateus.pegoraro/fluentsql/-/fluentsql-1.1.0.tgz",
      "integrity": "sha512-s4prYhYULHGLjBb7rt187BrGGV6SDCVGM+PQQ1MbK1FWOOC93Ve+KO2L4MpJgCsa+F7s9ow75+6yp8hmZvp0+g=="
    }
  }
}
