{
  "name": "myapp",
  "version": "1.0.0",
  "lockfileVersion": 2,
  "requires": true,
  "packages": {
    "": {
      "name": "myapp",
      "version": "1.0.0",
      "license": "ISC",
      "dependencies": {
        "@mateus.pegoraro/fluentsql": "^2.0.0"
      }
    },
    "node_modules/@mateus.pegoraro/fluentsql": {
      "version": "2.0.0",
      "resolved": "https://registry.npmjs.org/@mateus.pegoraro/fluentsql/-/fluentsql-2.0.0.tgz",
      "integrity": "sha512-CikqtBnv595JzrGncWixpTyuno4TvQGt2kbQnbel67A0UNYlx1WLo4G/T7IMpKRCS5jJZ0JeNvmlidln3p6NPA=="
    }
  },
  "dependencies": {
    "@mateus.pegoraro/fluentsql": {
      "version": "2.0.0",
      "resolved": "https://registry.npmjs.org/@mateus.pegoraro/fluentsql/-/fluentsql-2.0.0.tgz",
      "integrity": "sha512-CikqtBnv595JzrGncWixpTyuno4TvQGt2kbQnbel67A0UNYlx1WLo4G/T7IMpKRCS5jJZ0JeNvmlidln3p6NPA=="
    }
  }
}
